
Microsoft Visual Studio Solution File, Format Version 12.00
# Visual Studio Version 16
VisualStudioVersion = 16.0.30114.105
MinimumVisualStudioVersion = 10.0.40219.1
Project("{2150E333-8FDC-42A3-9474-1A3956D46DE8}") = "Services", "Services", "{D9AB94E0-0BD9-4D22-8455-F3DC9E2F388B}"
EndProject
Project("{2150E333-8FDC-42A3-9474-1A3956D46DE8}") = "Catalog", "Catalog", "{4CFB6C94-B52D-4293-9DDC-0EFE7302953D}"
EndProject
Project("{2150E333-8FDC-42A3-9474-1A3956D46DE8}") = "Inventory", "Inventory", "{15670165-0932-46E2-9731-AE6E1C16735D}"
EndProject
Project("{2150E333-8FDC-42A3-9474-1A3956D46DE8}") = "Stock", "Stock", "{0E8E4696-A16D-470D-B0BC-8072A664B9D0}"
EndProject
Project("{2150E333-8FDC-42A3-9474-1A3956D46DE8}") = "Security", "Security", "{B90938B0-89FB-4143-B9D4-1828135AB4FD}"
EndProject
Project("{2150E333-8FDC-42A3-9474-1A3956D46DE8}") = "Cart", "Cart", "{B59170EB-8013-44E1-ACDE-53F9A1CEB30D}"
EndProject
Project("{9A19103F-16F7-4668-BE54-9A1E7A4F7556}") = "Cart.API", "Services\Cart\Cart.API\Cart.API.csproj", "{446C61BA-3CB3-473B-BFE8-34ACE5E0F82E}"
EndProject
Project("{9A19103F-16F7-4668-BE54-9A1E7A4F7556}") = "Catalog.API", "Services\Catalog\Catalog.API\Catalog.API.csproj", "{52D9F459-48D5-4B64-B0E8-01E77D5C24EE}"
EndProject
Project("{9A19103F-16F7-4668-BE54-9A1E7A4F7556}") = "Inventory.API", "Services\Inventory\Inventory.API\Inventory.API.csproj", "{37804D1B-73F3-472A-B406-683E0D7F7476}"
EndProject
Project("{2150E333-8FDC-42A3-9474-1A3956D46DE8}") = "Common", "Common", "{0551E8F9-9557-4B81-8A0F-32D1D6BC46A3}"
EndProject
Project("{9A19103F-16F7-4668-BE54-9A1E7A4F7556}") = "DataAccess", "Common\DataAccess\DataAccess.csproj", "{BC53038D-CE31-4BA5-9C1E-944275189F78}"
EndProject
Project("{2150E333-8FDC-42A3-9474-1A3956D46DE8}") = "Docker", "Docker", "{7C0F17F4-7024-49CC-A456-D3A52FC6A93F}"
	ProjectSection(SolutionItems) = preProject
		Start_RabbitMQ.cmd = Start_RabbitMQ.cmd
		Start_SqlServer.cmd = Start_SqlServer.cmd
	EndProjectSection
EndProject
Project("{9A19103F-16F7-4668-BE54-9A1E7A4F7556}") = "WebShop.RabbitMQ", "Common\WebShop.RabbitMQ\WebShop.RabbitMQ.csproj", "{0A6F17DD-67FF-4918-A557-51D69AB1FA3C}"
EndProject
Project("{2150E333-8FDC-42A3-9474-1A3956D46DE8}") = "Email", "Email", "{A2CC2893-59EB-41BD-B799-9EC8C5554A84}"
EndProject
Project("{9A19103F-16F7-4668-BE54-9A1E7A4F7556}") = "Gmail.API", "Services\Email\Gmail.API\Gmail.API.csproj", "{CCB43842-940B-43B9-A745-7A09B4CEC9F0}"
EndProject
Project("{2150E333-8FDC-42A3-9474-1A3956D46DE8}") = "User", "User", "{78582ADD-5D13-4E1D-9235-FF98D658FEF3}"
EndProject
Project("{9A19103F-16F7-4668-BE54-9A1E7A4F7556}") = "User.API", "Services\User\User.API\User.API.csproj", "{B71F04DB-F78F-4131-BEC6-AFCD5ED0A487}"
EndProject
Global
	GlobalSection(SolutionConfigurationPlatforms) = preSolution
		Debug|Any CPU = Debug|Any CPU
		Release|Any CPU = Release|Any CPU
	EndGlobalSection
	GlobalSection(ProjectConfigurationPlatforms) = postSolution
		{446C61BA-3CB3-473B-BFE8-34ACE5E0F82E}.Debug|Any CPU.ActiveCfg = Debug|Any CPU
		{446C61BA-3CB3-473B-BFE8-34ACE5E0F82E}.Debug|Any CPU.Build.0 = Debug|Any CPU
		{446C61BA-3CB3-473B-BFE8-34ACE5E0F82E}.Release|Any CPU.ActiveCfg = Release|Any CPU
		{446C61BA-3CB3-473B-BFE8-34ACE5E0F82E}.Release|Any CPU.Build.0 = Release|Any CPU
		{52D9F459-48D5-4B64-B0E8-01E77D5C24EE}.Debug|Any CPU.ActiveCfg = Debug|Any CPU
		{52D9F459-48D5-4B64-B0E8-01E77D5C24EE}.Debug|Any CPU.Build.0 = Debug|Any CPU
		{52D9F459-48D5-4B64-B0E8-01E77D5C24EE}.Release|Any CPU.ActiveCfg = Release|Any CPU
		{52D9F459-48D5-4B64-B0E8-01E77D5C24EE}.Release|Any CPU.Build.0 = Release|Any CPU
		{37804D1B-73F3-472A-B406-683E0D7F7476}.Debug|Any CPU.ActiveCfg = Debug|Any CPU
		{37804D1B-73F3-472A-B406-683E0D7F7476}.Debug|Any CPU.Build.0 = Debug|Any CPU
		{37804D1B-73F3-472A-B406-683E0D7F7476}.Release|Any CPU.ActiveCfg = Release|Any CPU
		{37804D1B-73F3-472A-B406-683E0D7F7476}.Release|Any CPU.Build.0 = Release|Any CPU
		{BC53038D-CE31-4BA5-9C1E-944275189F78}.Debug|Any CPU.ActiveCfg = Debug|Any CPU
		{BC53038D-CE31-4BA5-9C1E-944275189F78}.Debug|Any CPU.Build.0 = Debug|Any CPU
		{BC53038D-CE31-4BA5-9C1E-944275189F78}.Release|Any CPU.ActiveCfg = Release|Any CPU
		{BC53038D-CE31-4BA5-9C1E-944275189F78}.Release|Any CPU.Build.0 = Release|Any CPU
		{0A6F17DD-67FF-4918-A557-51D69AB1FA3C}.Debug|Any CPU.ActiveCfg = Debug|Any CPU
		{0A6F17DD-67FF-4918-A557-51D69AB1FA3C}.Debug|Any CPU.Build.0 = Debug|Any CPU
		{0A6F17DD-67FF-4918-A557-51D69AB1FA3C}.Release|Any CPU.ActiveCfg = Release|Any CPU
		{0A6F17DD-67FF-4918-A557-51D69AB1FA3C}.Release|Any CPU.Build.0 = Release|Any CPU
		{CCB43842-940B-43B9-A745-7A09B4CEC9F0}.Debug|Any CPU.ActiveCfg = Debug|Any CPU
		{CCB43842-940B-43B9-A745-7A09B4CEC9F0}.Debug|Any CPU.Build.0 = Debug|Any CPU
		{CCB43842-940B-43B9-A745-7A09B4CEC9F0}.Release|Any CPU.ActiveCfg = Release|Any CPU
		{CCB43842-940B-43B9-A745-7A09B4CEC9F0}.Release|Any CPU.Build.0 = Release|Any CPU
		{B71F04DB-F78F-4131-BEC6-AFCD5ED0A487}.Debug|Any CPU.ActiveCfg = Debug|Any CPU
		{B71F04DB-F78F-4131-BEC6-AFCD5ED0A487}.Debug|Any CPU.Build.0 = Debug|Any CPU
		{B71F04DB-F78F-4131-BEC6-AFCD5ED0A487}.Release|Any CPU.ActiveCfg = Release|Any CPU
		{B71F04DB-F78F-4131-BEC6-AFCD5ED0A487}.Release|Any CPU.Build.0 = Release|Any CPU
	EndGlobalSection
	GlobalSection(SolutionProperties) = preSolution
		HideSolutionNode = FALSE
	EndGlobalSection
	GlobalSection(NestedProjects) = preSolution
		{4CFB6C94-B52D-4293-9DDC-0EFE7302953D} = {D9AB94E0-0BD9-4D22-8455-F3DC9E2F388B}
		{15670165-0932-46E2-9731-AE6E1C16735D} = {D9AB94E0-0BD9-4D22-8455-F3DC9E2F388B}
		{0E8E4696-A16D-470D-B0BC-8072A664B9D0} = {D9AB94E0-0BD9-4D22-8455-F3DC9E2F388B}
		{B90938B0-89FB-4143-B9D4-1828135AB4FD} = {D9AB94E0-0BD9-4D22-8455-F3DC9E2F388B}
		{B59170EB-8013-44E1-ACDE-53F9A1CEB30D} = {D9AB94E0-0BD9-4D22-8455-F3DC9E2F388B}
		{446C61BA-3CB3-473B-BFE8-34ACE5E0F82E} = {B59170EB-8013-44E1-ACDE-53F9A1CEB30D}
		{52D9F459-48D5-4B64-B0E8-01E77D5C24EE} = {4CFB6C94-B52D-4293-9DDC-0EFE7302953D}
		{37804D1B-73F3-472A-B406-683E0D7F7476} = {15670165-0932-46E2-9731-AE6E1C16735D}
		{BC53038D-CE31-4BA5-9C1E-944275189F78} = {0551E8F9-9557-4B81-8A0F-32D1D6BC46A3}
		{0A6F17DD-67FF-4918-A557-51D69AB1FA3C} = {0551E8F9-9557-4B81-8A0F-32D1D6BC46A3}
		{A2CC2893-59EB-41BD-B799-9EC8C5554A84} = {D9AB94E0-0BD9-4D22-8455-F3DC9E2F388B}
		{CCB43842-940B-43B9-A745-7A09B4CEC9F0} = {A2CC2893-59EB-41BD-B799-9EC8C5554A84}
		{78582ADD-5D13-4E1D-9235-FF98D658FEF3} = {D9AB94E0-0BD9-4D22-8455-F3DC9E2F388B}
		{B71F04DB-F78F-4131-BEC6-AFCD5ED0A487} = {78582ADD-5D13-4E1D-9235-FF98D658FEF3}
	EndGlobalSection
	GlobalSection(ExtensibilityGlobals) = postSolution
		SolutionGuid = {7BECD81D-9BEF-4172-B36A-871ABFF43D64}
	EndGlobalSection
EndGlobal
